
Microsoft Visual Studio Solution File, Format Version 12.00
Project("{FAE04EC0-301F-11D3-BF4B-00C04F79EFBC}") = "App", "App\App.csproj", "{F800BB1C-6177-491A-BA44-C0AD7932CF1F}"
EndProject
Project("{FAE04EC0-301F-11D3-BF4B-00C04F79EFBC}") = "TelegramInteraction", "TelegramInteraction\TelegramInteraction.csproj", "{1DCD800F-68B4-414D-BB47-55728368AD47}"
EndProject
Project("{FAE04EC0-301F-11D3-BF4B-00C04F79EFBC}") = "Data", "Data\Data.csproj", "{B501E8A7-6D2D-46A1-9F1A-31FB44FB6A0C}"
EndProject
Project("{FAE04EC0-301F-11D3-BF4B-00C04F79EFBC}") = "CsvSerialization", "CsvSerialization\CsvSerialization.csproj", "{B301FD94-DE36-493A-91AC-FEC863056A88}"
EndProject
Global
	GlobalSection(SolutionConfigurationPlatforms) = preSolution
		Debug|Any CPU = Debug|Any CPU
		Release|Any CPU = Release|Any CPU
	EndGlobalSection
	GlobalSection(ProjectConfigurationPlatforms) = postSolution
		{F800BB1C-6177-491A-BA44-C0AD7932CF1F}.Debug|Any CPU.ActiveCfg = Debug|Any CPU
		{F800BB1C-6177-491A-BA44-C0AD7932CF1F}.Debug|Any CPU.Build.0 = Debug|Any CPU
		{F800BB1C-6177-491A-BA44-C0AD7932CF1F}.Release|Any CPU.ActiveCfg = Release|Any CPU
		{F800BB1C-6177-491A-BA44-C0AD7932CF1F}.Release|Any CPU.Build.0 = Release|Any CPU
		{1DCD800F-68B4-414D-BB47-55728368AD47}.Debug|Any CPU.ActiveCfg = Debug|Any CPU
		{1DCD800F-68B4-414D-BB47-55728368AD47}.Debug|Any CPU.Build.0 = Debug|Any CPU
		{1DCD800F-68B4-414D-BB47-55728368AD47}.Release|Any CPU.ActiveCfg = Release|Any CPU
		{1DCD800F-68B4-414D-BB47-55728368AD47}.Release|Any CPU.Build.0 = Release|Any CPU
		{B501E8A7-6D2D-46A1-9F1A-31FB44FB6A0C}.Debug|Any CPU.ActiveCfg = Debug|Any CPU
		{B501E8A7-6D2D-46A1-9F1A-31FB44FB6A0C}.Debug|Any CPU.Build.0 = Debug|Any CPU
		{B501E8A7-6D2D-46A1-9F1A-31FB44FB6A0C}.Release|Any CPU.ActiveCfg = Release|Any CPU
		{B501E8A7-6D2D-46A1-9F1A-31FB44FB6A0C}.Release|Any CPU.Build.0 = Release|Any CPU
		{B301FD94-DE36-493A-91AC-FEC863056A88}.Debug|Any CPU.ActiveCfg = Debug|Any CPU
		{B301FD94-DE36-493A-91AC-FEC863056A88}.Debug|Any CPU.Build.0 = Debug|Any CPU
		{B301FD94-DE36-493A-91AC-FEC863056A88}.Release|Any CPU.ActiveCfg = Release|Any CPU
		{B301FD94-DE36-493A-91AC-FEC863056A88}.Release|Any CPU.Build.0 = Release|Any CPU
	EndGlobalSection
EndGlobal
